
Microsoft Visual Studio Solution File, Format Version 12.00
# Visual Studio Version 17
VisualStudioVersion = 17.11.35312.102
MinimumVisualStudioVersion = 10.0.40219.1
Project("{FAE04EC0-301F-11D3-BF4B-00C04F79EFBC}") = "MC Sound Texture Extractor", "MC Sound Texture Extractor.csproj", "{03885941-3A1F-4E5F-B3B3-A07E41C88BF3}"
EndProject
Global
	GlobalSection(SolutionConfigurationPlatforms) = preSolution
		Debug|Any CPU = Debug|Any CPU
		Release|Any CPU = Release|Any CPU
	EndGlobalSection
	GlobalSection(ProjectConfigurationPlatforms) = postSolution
		{03885941-3A1F-4E5F-B3B3-A07E41C88BF3}.Debug|Any CPU.ActiveCfg = Debug|Any CPU
		{03885941-3A1F-4E5F-B3B3-A07E41C88BF3}.Debug|Any CPU.Build.0 = Debug|Any CPU
		{03885941-3A1F-4E5F-B3B3-A07E41C88BF3}.Release|Any CPU.ActiveCfg = Release|Any CPU
		{03885941-3A1F-4E5F-B3B3-A07E41C88BF3}.Release|Any CPU.Build.0 = Release|Any CPU
	EndGlobalSection
	GlobalSection(SolutionProperties) = preSolution
		HideSolutionNode = FALSE
	EndGlobalSection
	GlobalSection(ExtensibilityGlobals) = postSolution
		SolutionGuid = {24B307D4-7460-4A75-B333-0FD3E9E79989}
	EndGlobalSection
EndGlobal
